{
  "name": "average-mrdx",
  "version": "1.0.0",
  "lockfileVersion": 3,
  "requires": true,
  "packages": {
    "": {
      "name": "average-mrdx",
      "version": "1.0.0",
      "license": "MIT",
      "dependencies": {
        "are-arrays": "^1.0.0",
        "are-objects": "^1.0.0",
        "average-mrdx": "^1.0.0"
      }
    },
    "node_modules/are-arrays": {
      "version": "1.0.0",
      "resolved": "https://registry.npmjs.org/are-arrays/-/are-arrays-1.0.0.tgz",
      "integrity": "sha512-J20yqHl8GipCnZbxiFALyO+AF1SDcdcVRHxngPkaxnQ6P//s5uElNG78Nh7keb/IujBIsyO2Bm4MGJFZnwdHtA=="
    },
    "node_modules/are-objects": {
      "version": "1.0.0",
      "resolved": "https://registry.npmjs.org/are-objects/-/are-objects-1.0.0.tgz",
      "integrity": "sha512-hpqIUuCSYK0dCIe4ZgGgE6M3DVN8HcfCcQY0ouzobi8mU7kKy+PNYwF1N/PsAm+PCamnJftkWWYfrxJR3b683w=="
    },
    "node_modules/average-mrdx": {
      "version": "1.0.0",
      "resolved": "https://registry.npmjs.org/average-mrdx/-/average-mrdx-1.0.0.tgz",
      "integrity": "sha512-uSlWnotUeBL8+LjiOAAV3I2CLQhXTiLkBkNRHhrLVt1ooCZHEx26EpViXhLWWRO2n8ASK6dOOgFRsmkkfqtivg==",
      "dependencies": {
        "are-arrays": "^1.0.0",
        "are-objects": "^1.0.0"
      }
    }
  }
}
